Microsoft Visual Studio Solution File, Format Version 12.00
# Visual Studio Version 17
VisualStudioVersion = 17.5.2.0
MinimumVisualStudioVersion = 10.0.40219.1
Project("{FAE04EC0-301F-11D3-BF4B-00C04F79EFBC}") = "DataverseMcp.FunctionApp", "DataverseMcp.FunctionApp.csproj", "{DB1B3F85-61D2-43B7-5E0A-E5D199466DE1}"
EndProject
Global
	GlobalSection(SolutionConfigurationPlatforms) = preSolution
		Debug|Any CPU = Debug|Any CPU
		Release|Any CPU = Release|Any CPU
	EndGlobalSection
	GlobalSection(ProjectConfigurationPlatforms) = postSolution
		{DB1B3F85-61D2-43B7-5E0A-E5D199466DE1}.Debug|Any CPU.ActiveCfg = Debug|Any CPU
		{DB1B3F85-61D2-43B7-5E0A-E5D199466DE1}.Debug|Any CPU.Build.0 = Debug|Any CPU
		{DB1B3F85-61D2-43B7-5E0A-E5D199466DE1}.Release|Any CPU.ActiveCfg = Release|Any CPU
		{DB1B3F85-61D2-43B7-5E0A-E5D199466DE1}.Release|Any CPU.Build.0 = Release|Any CPU
	EndGlobalSection
	GlobalSection(SolutionProperties) = preSolution
		HideSolutionNode = FALSE
	EndGlobalSection
	GlobalSection(ExtensibilityGlobals) = postSolution
		SolutionGuid = {60955089-023D-4C07-98D8-4547E8D8AF2B}
	EndGlobalSection
EndGlobal
